
Microsoft Visual Studio Solution File, Format Version 12.00
# Visual Studio Version 17
VisualStudioVersion = 17.11.35327.3
MinimumVisualStudioVersion = 10.0.40219.1
Project("{FAE04EC0-301F-11D3-BF4B-00C04F79EFBC}") = "Aml", "Aml\Aml.csproj", "{BB8C6269-0971-47FD-A045-9DDEB5B7FE78}"
EndProject
Project("{FAE04EC0-301F-11D3-BF4B-00C04F79EFBC}") = "Aml.Web", "Web\Aml.Web\Aml.Web.csproj", "{90AA2FEE-0F9D-42D9-B7CE-BEAF37B731B3}"
EndProject
Global
	GlobalSection(SolutionConfigurationPlatforms) = preSolution
		Debug|Any CPU = Debug|Any CPU
		Release|Any CPU = Release|Any CPU
	EndGlobalSection
	GlobalSection(ProjectConfigurationPlatforms) = postSolution
		{BB8C6269-0971-47FD-A045-9DDEB5B7FE78}.Debug|Any CPU.ActiveCfg = Debug|Any CPU
		{BB8C6269-0971-47FD-A045-9DDEB5B7FE78}.Debug|Any CPU.Build.0 = Debug|Any CPU
		{BB8C6269-0971-47FD-A045-9DDEB5B7FE78}.Release|Any CPU.ActiveCfg = Release|Any CPU
		{BB8C6269-0971-47FD-A045-9DDEB5B7FE78}.Release|Any CPU.Build.0 = Release|Any CPU
		{90AA2FEE-0F9D-42D9-B7CE-BEAF37B731B3}.Debug|Any CPU.ActiveCfg = Debug|Any CPU
		{90AA2FEE-0F9D-42D9-B7CE-BEAF37B731B3}.Debug|Any CPU.Build.0 = Debug|Any CPU
		{90AA2FEE-0F9D-42D9-B7CE-BEAF37B731B3}.Release|Any CPU.ActiveCfg = Release|Any CPU
		{90AA2FEE-0F9D-42D9-B7CE-BEAF37B731B3}.Release|Any CPU.Build.0 = Release|Any CPU
	EndGlobalSection
	GlobalSection(SolutionProperties) = preSolution
		HideSolutionNode = FALSE
	EndGlobalSection
	GlobalSection(ExtensibilityGlobals) = postSolution
		SolutionGuid = {B6A8BEC0-52A8-40C1-96C1-1A3093E08679}
	EndGlobalSection
EndGlobal
